
Microsoft Visual Studio Solution File, Format Version 12.00
# Visual Studio Version 17
VisualStudioVersion = 17.1.32319.34
MinimumVisualStudioVersion = 10.0.40219.1
Project("{FAE04EC0-301F-11D3-BF4B-00C04F79EFBC}") = "Teste", "Teste\Teste.csproj", "{8DA74774-163E-4D96-AEAF-9171DBD2C572}"
EndProject
Project("{FAE04EC0-301F-11D3-BF4B-00C04F79EFBC}") = "TestMSTeste", "TestMSTeste\TestMSTeste.csproj", "{B9B15BC3-9AAC-4FEF-AEA5-2D71D078C580}"
EndProject
Project("{FAE04EC0-301F-11D3-BF4B-00C04F79EFBC}") = "TestXUnit", "TestXUnit\TestXUnit.csproj", "{D1905380-EE33-4ADB-A883-157DFB626AA8}"
EndProject
Global
	GlobalSection(SolutionConfigurationPlatforms) = preSolution
		Debug|Any CPU = Debug|Any CPU
		Release|Any CPU = Release|Any CPU
	EndGlobalSection
	GlobalSection(ProjectConfigurationPlatforms) = postSolution
		{8DA74774-163E-4D96-AEAF-9171DBD2C572}.Debug|Any CPU.ActiveCfg = Debug|Any CPU
		{8DA74774-163E-4D96-AEAF-9171DBD2C572}.Debug|Any CPU.Build.0 = Debug|Any CPU
		{8DA74774-163E-4D96-AEAF-9171DBD2C572}.Release|Any CPU.ActiveCfg = Release|Any CPU
		{8DA74774-163E-4D96-AEAF-9171DBD2C572}.Release|Any CPU.Build.0 = Release|Any CPU
		{B9B15BC3-9AAC-4FEF-AEA5-2D71D078C580}.Debug|Any CPU.ActiveCfg = Debug|Any CPU
		{B9B15BC3-9AAC-4FEF-AEA5-2D71D078C580}.Debug|Any CPU.Build.0 = Debug|Any CPU
		{B9B15BC3-9AAC-4FEF-AEA5-2D71D078C580}.Release|Any CPU.ActiveCfg = Release|Any CPU
		{B9B15BC3-9AAC-4FEF-AEA5-2D71D078C580}.Release|Any CPU.Build.0 = Release|Any CPU
		{D1905380-EE33-4ADB-A883-157DFB626AA8}.Debug|Any CPU.ActiveCfg = Debug|Any CPU
		{D1905380-EE33-4ADB-A883-157DFB626AA8}.Debug|Any CPU.Build.0 = Debug|Any CPU
		{D1905380-EE33-4ADB-A883-157DFB626AA8}.Release|Any CPU.ActiveCfg = Release|Any CPU
		{D1905380-EE33-4ADB-A883-157DFB626AA8}.Release|Any CPU.Build.0 = Release|Any CPU
	EndGlobalSection
	GlobalSection(SolutionProperties) = preSolution
		HideSolutionNode = FALSE
	EndGlobalSection
	GlobalSection(ExtensibilityGlobals) = postSolution
		SolutionGuid = {9CF4ABBF-A102-491A-AB13-276237572DEC}
	EndGlobalSection
EndGlobal
